
Microsoft Visual Studio Solution File, Format Version 12.00
# Visual Studio Version 17
VisualStudioVersion = 17.4.33403.182
MinimumVisualStudioVersion = 10.0.40219.1
Project("{FAE04EC0-301F-11D3-BF4B-00C04F79EFBC}") = "CMScenter", "CMScenter\CMScenter.csproj", "{45A74428-9101-4BBA-B64C-4A9CE5E22322}"
EndProject
Global
	GlobalSection(SolutionConfigurationPlatforms) = preSolution
		Debug|Any CPU = Debug|Any CPU
		Release|Any CPU = Release|Any CPU
	EndGlobalSection
	GlobalSection(ProjectConfigurationPlatforms) = postSolution
		{45A74428-9101-4BBA-B64C-4A9CE5E22322}.Debug|Any CPU.ActiveCfg = Debug|Any CPU
		{45A74428-9101-4BBA-B64C-4A9CE5E22322}.Debug|Any CPU.Build.0 = Debug|Any CPU
		{45A74428-9101-4BBA-B64C-4A9CE5E22322}.Release|Any CPU.ActiveCfg = Release|Any CPU
		{45A74428-9101-4BBA-B64C-4A9CE5E22322}.Release|Any CPU.Build.0 = Release|Any CPU
	EndGlobalSection
	GlobalSection(SolutionProperties) = preSolution
		HideSolutionNode = FALSE
	EndGlobalSection
	GlobalSection(ExtensibilityGlobals) = postSolution
		SolutionGuid = {BC980188-BEED-4E2A-B668-88E5003749D5}
	EndGlobalSection
EndGlobal
